// !$*UTF8*$!
{
	archiveVersion = 1;
	classes = {
	};
	objectVersion = 54;
	objects = {

/* Begin PBXAggregateTarget section */
		36484E6B34E140E4970D094B /* ALL_BUILD */ = {
			isa = PBXAggregateTarget;
			buildConfigurationList = 1E57583A29214C6E899A4242 /* Build configuration list for PBXAggregateTarget "ALL_BUILD" */;
			buildPhases = (
				CB55FC74FA9C35708593A232 /* Generate CMakeFiles/ALL_BUILD */,
			);
			dependencies = (
				D88A72235D90436D9128FB58 /* PBXTargetDependency */,
				E9FB48229C9A4AFF82CF5CFE /* PBXTargetDependency */,
				4A6E6934DBB549AE8E2B0810 /* PBXTargetDependency */,
				E842F53B7FA44CBCA827FACC /* PBXTargetDependency */,
			);
			name = ALL_BUILD;
			productName = ALL_BUILD;
		};
		F09CD8398B5245F88326651B /* ZERO_CHECK */ = {
			isa = PBXAggregateTarget;
			buildConfigurationList = A58DE3F49D434CAE9BBAFA2B /* Build configuration list for PBXAggregateTarget "ZERO_CHECK" */;
			buildPhases = (
				06F365B5A5398D7A6C70E480 /* Generate CMakeFiles/ZERO_CHECK */,
			);
			dependencies = (
			);
			name = ZERO_CHECK;
			productName = ZERO_CHECK;
		};
/* End PBXAggregateTarget section */

/* Begin PBXBuildFile section */
		080F18853D28455BAE3BBA1C /* cmdutils.c in Sources */ = {isa = PBXBuildFile; fileRef = 3F3A36959EA14245BD835D67 /* cmdutils.c */; };
		2E19DBA1097245CB8DB24450 /* opt_common.c in Sources */ = {isa = PBXBuildFile; fileRef = B95A8A2038A34965A0280CA0 /* opt_common.c */; };
		4801425EB1C64D3EADAA4A10 /* opt_common.c in Sources */ = {isa = PBXBuildFile; fileRef = C736314ECBEA46CEA146534F /* opt_common.c */; };
		5A7A1F8A6CEB43889C15B32F /* ffmpeg_hw.c in Sources */ = {isa = PBXBuildFile; fileRef = 950FF105E458495BA506C9A0 /* ffmpeg_hw.c */; };
		5A9EBE52C4144F31A14275E4 /* ffmpeg_mux.c in Sources */ = {isa = PBXBuildFile; fileRef = 07B1A866798E44CDA47935EB /* ffmpeg_mux.c */; };
		696868F1519C41699CA0A655 /* ffmpeg_filter.c in Sources */ = {isa = PBXBuildFile; fileRef = C75A4E919C2D4FE7B3D00333 /* ffmpeg_filter.c */; };
		8799B1F8692B482E97BF33D6 /* cmdutils.c in Sources */ = {isa = PBXBuildFile; fileRef = 6A474860CA924085A864DA63 /* cmdutils.c */; };
		8E86115F6F6443F29FB57C90 /* ffprobe.c in Sources */ = {isa = PBXBuildFile; fileRef = FD153F74642E4DAA942DFA65 /* ffprobe.c */; };
		8F432D7E48024404A79BFEC8 /* ffmpeg.c in Sources */ = {isa = PBXBuildFile; fileRef = CE2594298EF7468EAA7E4791 /* ffmpeg.c */; };
		D59750126A7F4BE5BBB22042 /* opt_common.c in Sources */ = {isa = PBXBuildFile; fileRef = E55A69E259D24DE39F6D319E /* opt_common.c */; };
		E7664780EFAA4EB994539839 /* ffmpeg_opt.c in Sources */ = {isa = PBXBuildFile; fileRef = 5BD8093FF6834AD0B7FB18DD /* ffmpeg_opt.c */; };
		EAAB8F8565484945BB23FA34 /* ffplay.c in Sources */ = {isa = PBXBuildFile; fileRef = A090E136832348E4ABE0CA43 /* ffplay.c */; };
		EC7430F6F1B0450390993679 /* cmdutils.c in Sources */ = {isa = PBXBuildFile; fileRef = 53378A85591C429C855F4AC8 /* cmdutils.c */; };
/* End PBXBuildFile section */

/* Begin PBXContainerItemProxy section */
		0D8AC76BCED84393A1F9E673 /* PBXContainerItemProxy */ = {
			isa = PBXContainerItemProxy;
			containerPortal = 648C2FFF174648BFAC517662 /* Project object */;
			proxyType = 1;
			remoteGlobalIDString = F09CD8398B5245F88326651B;
			remoteInfo = ZERO_CHECK;
		};
		16052F76AF4F4C0FAF4FA8E4 /* PBXContainerItemProxy */ = {
			isa = PBXContainerItemProxy;
			containerPortal = 648C2FFF174648BFAC517662 /* Project object */;
			proxyType = 1;
			remoteGlobalIDString = F09CD8398B5245F88326651B;
			remoteInfo = ZERO_CHECK;
		};
		2D3C44133E5A474EB8CCFBBB /* PBXContainerItemProxy */ = {
			isa = PBXContainerItemProxy;
			containerPortal = 648C2FFF174648BFAC517662 /* Project object */;
			proxyType = 1;
			remoteGlobalIDString = F09CD8398B5245F88326651B;
			remoteInfo = ZERO_CHECK;
		};
		4BF07177A1C044F19CB2F589 /* PBXContainerItemProxy */ = {
			isa = PBXContainerItemProxy;
			containerPortal = 648C2FFF174648BFAC517662 /* Project object */;
			proxyType = 1;
			remoteGlobalIDString = F09CD8398B5245F88326651B;
			remoteInfo = ZERO_CHECK;
		};
		5ED3F92D9FFA402185A15919 /* PBXContainerItemProxy */ = {
			isa = PBXContainerItemProxy;
			containerPortal = 648C2FFF174648BFAC517662 /* Project object */;
			proxyType = 1;
			remoteGlobalIDString = E44F7DFA0101413C92320A7C;
			remoteInfo = ffprobe;
		};
		8D8B3D77E6174EEF9DF0C475 /* PBXContainerItemProxy */ = {
			isa = PBXContainerItemProxy;
			containerPortal = 648C2FFF174648BFAC517662 /* Project object */;
			proxyType = 1;
			remoteGlobalIDString = 64E91056CD8047BF981F3BE2;
			remoteInfo = ffplay;
		};
		B77E6ACCC6334B229889D3A8 /* PBXContainerItemProxy */ = {
			isa = PBXContainerItemProxy;
			containerPortal = 648C2FFF174648BFAC517662 /* Project object */;
			proxyType = 1;
			remoteGlobalIDString = AD54B251777A4560A062146F;
			remoteInfo = ffmpeg;
		};
/* End PBXContainerItemProxy section */

/* Begin PBXFileReference section */
		05D9DF59D1EB48F891293268 /* opt_common.h */ = {isa = PBXFileReference; explicitFileType = sourcecode.c.h; fileEncoding = 4; path = opt_common.h; sourceTree = SOURCE_ROOT; };
		07B1A866798E44CDA47935EB /* ffmpeg_mux.c */ = {isa = PBXFileReference; explicitFileType = sourcecode.c.c; fileEncoding = 4; path = ffmpeg_mux.c; sourceTree = SOURCE_ROOT; };
		0995E534CC51483C953B5797 /* cmdutils.h */ = {isa = PBXFileReference; explicitFileType = sourcecode.c.h; fileEncoding = 4; path = cmdutils.h; sourceTree = SOURCE_ROOT; };
		24138052BC1B4AFD88C515FC /* opt_common.h */ = {isa = PBXFileReference; explicitFileType = sourcecode.c.h; fileEncoding = 4; path = opt_common.h; sourceTree = SOURCE_ROOT; };
		33EB6D309BC74399B457B18D /* cmdutils.h */ = {isa = PBXFileReference; explicitFileType = sourcecode.c.h; fileEncoding = 4; path = cmdutils.h; sourceTree = SOURCE_ROOT; };
		3F3A36959EA14245BD835D67 /* cmdutils.c */ = {isa = PBXFileReference; explicitFileType = sourcecode.c.c; fileEncoding = 4; path = cmdutils.c; sourceTree = SOURCE_ROOT; };
		4135111DD8DD449FB48E796D /* CMakeLists.txt */ = {isa = PBXFileReference; explicitFileType = sourcecode.text; fileEncoding = 4; lastKnownFileType = text; path = CMakeLists.txt; sourceTree = SOURCE_ROOT; };
		480DF3F6218B4A3AA3E5E2AC /* ffplay */ = {isa = PBXFileReference; explicitFileType = "compiled.mach-o.executable"; path = ffplay; sourceTree = BUILT_PRODUCTS_DIR; };
		53378A85591C429C855F4AC8 /* cmdutils.c */ = {isa = PBXFileReference; explicitFileType = sourcecode.c.c; fileEncoding = 4; path = cmdutils.c; sourceTree = SOURCE_ROOT; };
		5BD8093FF6834AD0B7FB18DD /* ffmpeg_opt.c */ = {isa = PBXFileReference; explicitFileType = sourcecode.c.c; fileEncoding = 4; path = ffmpeg_opt.c; sourceTree = SOURCE_ROOT; };
		5E673ED433494188998775C6 /* CMakeLists.txt */ = {isa = PBXFileReference; explicitFileType = sourcecode.text; fileEncoding = 4; lastKnownFileType = text; path = CMakeLists.txt; sourceTree = SOURCE_ROOT; };
		6A474860CA924085A864DA63 /* cmdutils.c */ = {isa = PBXFileReference; explicitFileType = sourcecode.c.c; fileEncoding = 4; path = cmdutils.c; sourceTree = SOURCE_ROOT; };
		7B5723AE064142A186B57DC2 /* opt_common.h */ = {isa = PBXFileReference; explicitFileType = sourcecode.c.h; fileEncoding = 4; path = opt_common.h; sourceTree = SOURCE_ROOT; };
		85F6C075DDA54545A74D6DE6 /* CMakeLists.txt */ = {isa = PBXFileReference; explicitFileType = sourcecode.text; fileEncoding = 4; lastKnownFileType = text; path = CMakeLists.txt; sourceTree = SOURCE_ROOT; };
		950FF105E458495BA506C9A0 /* ffmpeg_hw.c */ = {isa = PBXFileReference; explicitFileType = sourcecode.c.c; fileEncoding = 4; path = ffmpeg_hw.c; sourceTree = SOURCE_ROOT; };
		A090E136832348E4ABE0CA43 /* ffplay.c */ = {isa = PBXFileReference; explicitFileType = sourcecode.c.c; fileEncoding = 4; path = ffplay.c; sourceTree = SOURCE_ROOT; };
		B6AA0025BF064355B338C426 /* ffmpeg.h */ = {isa = PBXFileReference; explicitFileType = sourcecode.c.h; fileEncoding = 4; path = ffmpeg.h; sourceTree = SOURCE_ROOT; };
		B95A8A2038A34965A0280CA0 /* opt_common.c */ = {isa = PBXFileReference; explicitFileType = sourcecode.c.c; fileEncoding = 4; path = opt_common.c; sourceTree = SOURCE_ROOT; };
		C627C215096242E5A2061CB9 /* ffmpeg */ = {isa = PBXFileReference; explicitFileType = "compiled.mach-o.executable"; path = ffmpeg; sourceTree = BUILT_PRODUCTS_DIR; };
		C736314ECBEA46CEA146534F /* opt_common.c */ = {isa = PBXFileReference; explicitFileType = sourcecode.c.c; fileEncoding = 4; path = opt_common.c; sourceTree = SOURCE_ROOT; };
		C75A4E919C2D4FE7B3D00333 /* ffmpeg_filter.c */ = {isa = PBXFileReference; explicitFileType = sourcecode.c.c; fileEncoding = 4; path = ffmpeg_filter.c; sourceTree = SOURCE_ROOT; };
		CCE7C6A602F8425490715322 /* CMakeLists.txt */ = {isa = PBXFileReference; explicitFileType = sourcecode.text; fileEncoding = 4; lastKnownFileType = text; path = CMakeLists.txt; sourceTree = SOURCE_ROOT; };
		CE2594298EF7468EAA7E4791 /* ffmpeg.c */ = {isa = PBXFileReference; explicitFileType = sourcecode.c.c; fileEncoding = 4; path = ffmpeg.c; sourceTree = SOURCE_ROOT; };
		D6FCF04D8F8F4D7B941ABF63 /* cmdutils.h */ = {isa = PBXFileReference; explicitFileType = sourcecode.c.h; fileEncoding = 4; path = cmdutils.h; sourceTree = SOURCE_ROOT; };
		E55A69E259D24DE39F6D319E /* opt_common.c */ = {isa = PBXFileReference; explicitFileType = sourcecode.c.c; fileEncoding = 4; path = opt_common.c; sourceTree = SOURCE_ROOT; };
		F8881D3664FB4B77BA03624C /* ffprobe */ = {isa = PBXFileReference; explicitFileType = "compiled.mach-o.executable"; path = ffprobe; sourceTree = BUILT_PRODUCTS_DIR; };
		FD153F74642E4DAA942DFA65 /* ffprobe.c */ = {isa = PBXFileReference; explicitFileType = sourcecode.c.c; fileEncoding = 4; path = ffprobe.c; sourceTree = SOURCE_ROOT; };
/* End PBXFileReference section */

/* Begin PBXFrameworksBuildPhase section */
		87714B72276641A18B6601AB /* Frameworks */ = {
			isa = PBXFrameworksBuildPhase;
			buildActionMask = 2147483647;
			files = (
			);
			runOnlyForDeploymentPostprocessing = 0;
		};
		C0D9D8B85BC5413393ED0E21 /* Frameworks */ = {
			isa = PBXFrameworksBuildPhase;
			buildActionMask = 2147483647;
			files = (
			);
			runOnlyForDeploymentPostprocessing = 0;
		};
		F9F5AF56FFD843CC91774DDD /* Frameworks */ = {
			isa = PBXFrameworksBuildPhase;
			buildActionMask = 2147483647;
			files = (
			);
			runOnlyForDeploymentPostprocessing = 0;
		};
/* End PBXFrameworksBuildPhase section */

/* Begin PBXGroup section */
		279B01E0E4C5474F8AF97C27 /* ffmpeg */ = {
			isa = PBXGroup;
			children = (
				F9D0CD2CE6144921A7B969D3 /* Source Files */,
				97C6A8A50435404AB32DEDE3 /* Header Files */,
				CCE7C6A602F8425490715322 /* CMakeLists.txt */,
			);
			name = ffmpeg;
			sourceTree = "<group>";
		};
		2DD1196F5D78432CB5435870 /* Source Files */ = {
			isa = PBXGroup;
			children = (
				3F3A36959EA14245BD835D67 /* cmdutils.c */,
				A090E136832348E4ABE0CA43 /* ffplay.c */,
				B95A8A2038A34965A0280CA0 /* opt_common.c */,
			);
			name = "Source Files";
			sourceTree = "<group>";
		};
		454F68DE8BD448A4B6CD8D16 /* ffprobe */ = {
			isa = PBXGroup;
			children = (
				B165376D3C7A4C2383F6A578 /* Source Files */,
				79522B884C794FD4B32D3485 /* Header Files */,
				4135111DD8DD449FB48E796D /* CMakeLists.txt */,
			);
			name = ffprobe;
			sourceTree = "<group>";
		};
		56DAA89A75574C808CBF4DC5 /* Frameworks */ = {
			isa = PBXGroup;
			children = (
			);
			name = Frameworks;
			sourceTree = "<group>";
		};
		79522B884C794FD4B32D3485 /* Header Files */ = {
			isa = PBXGroup;
			children = (
				0995E534CC51483C953B5797 /* cmdutils.h */,
				05D9DF59D1EB48F891293268 /* opt_common.h */,
			);
			name = "Header Files";
			sourceTree = "<group>";
		};
		7B3A1FB408E54142A11B80E8 /* ALL_BUILD */ = {
			isa = PBXGroup;
			children = (
				944EE27080E7401BBE78E212 /* CMake Rules */,
				5E673ED433494188998775C6 /* CMakeLists.txt */,
			);
			name = ALL_BUILD;
			sourceTree = "<group>";
		};
		944EE27080E7401BBE78E212 /* CMake Rules */ = {
			isa = PBXGroup;
			children = (
			);
			name = "CMake Rules";
			sourceTree = "<group>";
		};
		97C6A8A50435404AB32DEDE3 /* Header Files */ = {
			isa = PBXGroup;
			children = (
				D6FCF04D8F8F4D7B941ABF63 /* cmdutils.h */,
				B6AA0025BF064355B338C426 /* ffmpeg.h */,
				7B5723AE064142A186B57DC2 /* opt_common.h */,
			);
			name = "Header Files";
			sourceTree = "<group>";
		};
		A3603BF108644032BEA8C97E /* ffplay */ = {
			isa = PBXGroup;
			children = (
				2DD1196F5D78432CB5435870 /* Source Files */,
				C91B21ECEE774B8EB60847B4 /* Header Files */,
				85F6C075DDA54545A74D6DE6 /* CMakeLists.txt */,
			);
			name = ffplay;
			sourceTree = "<group>";
		};
		B165376D3C7A4C2383F6A578 /* Source Files */ = {
			isa = PBXGroup;
			children = (
				6A474860CA924085A864DA63 /* cmdutils.c */,
				FD153F74642E4DAA942DFA65 /* ffprobe.c */,
				E55A69E259D24DE39F6D319E /* opt_common.c */,
			);
			name = "Source Files";
			sourceTree = "<group>";
		};
		C91B21ECEE774B8EB60847B4 /* Header Files */ = {
			isa = PBXGroup;
			children = (
				33EB6D309BC74399B457B18D /* cmdutils.h */,
				24138052BC1B4AFD88C515FC /* opt_common.h */,
			);
			name = "Header Files";
			sourceTree = "<group>";
		};
		F9D0CD2CE6144921A7B969D3 /* Source Files */ = {
			isa = PBXGroup;
			children = (
				53378A85591C429C855F4AC8 /* cmdutils.c */,
				CE2594298EF7468EAA7E4791 /* ffmpeg.c */,
				C75A4E919C2D4FE7B3D00333 /* ffmpeg_filter.c */,
				950FF105E458495BA506C9A0 /* ffmpeg_hw.c */,
				07B1A866798E44CDA47935EB /* ffmpeg_mux.c */,
				5BD8093FF6834AD0B7FB18DD /* ffmpeg_opt.c */,
				C736314ECBEA46CEA146534F /* opt_common.c */,
			);
			name = "Source Files";
			sourceTree = "<group>";
		};
		FB0F97A70053452D9B9F1305 = {
			isa = PBXGroup;
			children = (
				279B01E0E4C5474F8AF97C27 /* ffmpeg */,
				A3603BF108644032BEA8C97E /* ffplay */,
				454F68DE8BD448A4B6CD8D16 /* ffprobe */,
				7B3A1FB408E54142A11B80E8 /* ALL_BUILD */,
				FE148CCB1E3D43998E03418F /* Products */,
				56DAA89A75574C808CBF4DC5 /* Frameworks */,
			);
			sourceTree = "<group>";
		};
		FE148CCB1E3D43998E03418F /* Products */ = {
			isa = PBXGroup;
			children = (
				C627C215096242E5A2061CB9 /* ffmpeg */,
				480DF3F6218B4A3AA3E5E2AC /* ffplay */,
				F8881D3664FB4B77BA03624C /* ffprobe */,
			);
			name = Products;
			sourceTree = "<group>";
		};
/* End PBXGroup section */

/* Begin PBXNativeTarget section */
		64E91056CD8047BF981F3BE2 /* ffplay */ = {
			isa = PBXNativeTarget;
			buildConfigurationList = DF8426F9FFC14040A3CE5D81 /* Build configuration list for PBXNativeTarget "ffplay" */;
			buildPhases = (
				5BCAB327D2664F5DAE70B01E /* Sources */,
				87714B72276641A18B6601AB /* Frameworks */,
			);
			buildRules = (
			);
			dependencies = (
				236EA6BD342A48F38C6480EA /* PBXTargetDependency */,
			);
			name = ffplay;
			productName = ffplay;
			productReference = 480DF3F6218B4A3AA3E5E2AC /* ffplay */;
			productType = "com.apple.product-type.tool";
		};
		AD54B251777A4560A062146F /* ffmpeg */ = {
			isa = PBXNativeTarget;
			buildConfigurationList = 9B2501644BEB43D8B0DA8661 /* Build configuration list for PBXNativeTarget "ffmpeg" */;
			buildPhases = (
				58FDF42E1631498893FAC37C /* Sources */,
				C0D9D8B85BC5413393ED0E21 /* Frameworks */,
			);
			buildRules = (
			);
			dependencies = (
				23A3489E194641548F7E13EE /* PBXTargetDependency */,
			);
			name = ffmpeg;
			productName = ffmpeg;
			productReference = C627C215096242E5A2061CB9 /* ffmpeg */;
			productType = "com.apple.product-type.tool";
		};
		E44F7DFA0101413C92320A7C /* ffprobe */ = {
			isa = PBXNativeTarget;
			buildConfigurationList = EEEB74BDE5A343FF9DBA0426 /* Build configuration list for PBXNativeTarget "ffprobe" */;
			buildPhases = (
				30DAD693245944C2A38BB797 /* Sources */,
				F9F5AF56FFD843CC91774DDD /* Frameworks */,
			);
			buildRules = (
			);
			dependencies = (
				1006532CA97648138CFEC9A7 /* PBXTargetDependency */,
			);
			name = ffprobe;
			productName = ffprobe;
			productReference = F8881D3664FB4B77BA03624C /* ffprobe */;
			productType = "com.apple.product-type.tool";
		};
/* End PBXNativeTarget section */

/* Begin PBXProject section */
		648C2FFF174648BFAC517662 /* Project object */ = {
			isa = PBXProject;
			attributes = {
				LastUpgradeCheck = 1250;
			};
			buildConfigurationList = 2A81FEF48011488580F485F5 /* Build configuration list for PBXProject "FFmpeg" */;
			compatibilityVersion = "Xcode 3.2";
			developmentRegion = en;
			hasScannedForEncodings = 0;
			knownRegions = (
				en,
				Base,
			);
			mainGroup = FB0F97A70053452D9B9F1305;
			projectDirPath = ../;
			projectRoot = "";
			targets = (
				36484E6B34E140E4970D094B /* ALL_BUILD */,
				F09CD8398B5245F88326651B /* ZERO_CHECK */,
				AD54B251777A4560A062146F /* ffmpeg */,
				64E91056CD8047BF981F3BE2 /* ffplay */,
				E44F7DFA0101413C92320A7C /* ffprobe */,
			);
		};
/* End PBXProject section */

/* Begin PBXShellScriptBuildPhase section */
		06F365B5A5398D7A6C70E480 /* Generate CMakeFiles/ZERO_CHECK */ = {
			isa = PBXShellScriptBuildPhase;
			alwaysOutOfDate = 1;
			buildActionMask = 2147483647;
			files = (
			);
			inputPaths = (
			);
			name = "Generate CMakeFiles/ZERO_CHECK";
			outputPaths = (
				/Users/tl/Documents/workSpace/github/FFmpeg/fftools/xcode/CMakeFiles/ZERO_CHECK,
			);
			runOnlyForDeploymentPostprocessing = 0;
			shellPath = /bin/sh;
			shellScript = "set -e\nif test \"$CONFIGURATION\" = \"Debug\"; then :\n  cd /Users/tl/Documents/workSpace/github/FFmpeg/fftools/xcode\n  make -f /Users/tl/Documents/workSpace/github/FFmpeg/fftools/xcode/CMakeScripts/ReRunCMake.make\nfi\nif test \"$CONFIGURATION\" = \"Release\"; then :\n  cd /Users/tl/Documents/workSpace/github/FFmpeg/fftools/xcode\n  make -f /Users/tl/Documents/workSpace/github/FFmpeg/fftools/xcode/CMakeScripts/ReRunCMake.make\nfi\nif test \"$CONFIGURATION\" = \"MinSizeRel\"; then :\n  cd /Users/tl/Documents/workSpace/github/FFmpeg/fftools/xcode\n  make -f /Users/tl/Documents/workSpace/github/FFmpeg/fftools/xcode/CMakeScripts/ReRunCMake.make\nfi\nif test \"$CONFIGURATION\" = \"RelWithDebInfo\"; then :\n  cd /Users/tl/Documents/workSpace/github/FFmpeg/fftools/xcode\n  make -f /Users/tl/Documents/workSpace/github/FFmpeg/fftools/xcode/CMakeScripts/ReRunCMake.make\nfi\n";
			showEnvVarsInLog = 0;
		};
		CB55FC74FA9C35708593A232 /* Generate CMakeFiles/ALL_BUILD */ = {
			isa = PBXShellScriptBuildPhase;
			alwaysOutOfDate = 1;
			buildActionMask = 2147483647;
			files = (
			);
			inputPaths = (
			);
			name = "Generate CMakeFiles/ALL_BUILD";
			outputPaths = (
				/Users/tl/Documents/workSpace/github/FFmpeg/fftools/xcode/CMakeFiles/ALL_BUILD,
			);
			runOnlyForDeploymentPostprocessing = 0;
			shellPath = /bin/sh;
			shellScript = "set -e\nif test \"$CONFIGURATION\" = \"Debug\"; then :\n  cd /Users/tl/Documents/workSpace/github/FFmpeg/fftools/xcode\n  echo Build\\ all\\ projects\nfi\nif test \"$CONFIGURATION\" = \"Release\"; then :\n  cd /Users/tl/Documents/workSpace/github/FFmpeg/fftools/xcode\n  echo Build\\ all\\ projects\nfi\nif test \"$CONFIGURATION\" = \"MinSizeRel\"; then :\n  cd /Users/tl/Documents/workSpace/github/FFmpeg/fftools/xcode\n  echo Build\\ all\\ projects\nfi\nif test \"$CONFIGURATION\" = \"RelWithDebInfo\"; then :\n  cd /Users/tl/Documents/workSpace/github/FFmpeg/fftools/xcode\n  echo Build\\ all\\ projects\nfi\n";
			showEnvVarsInLog = 0;
		};
/* End PBXShellScriptBuildPhase section */

/* Begin PBXSourcesBuildPhase section */
		30DAD693245944C2A38BB797 /* Sources */ = {
			isa = PBXSourcesBuildPhase;
			buildActionMask = 2147483647;
			files = (
				8799B1F8692B482E97BF33D6 /* cmdutils.c in Sources */,
				8E86115F6F6443F29FB57C90 /* ffprobe.c in Sources */,
				D59750126A7F4BE5BBB22042 /* opt_common.c in Sources */,
			);
			runOnlyForDeploymentPostprocessing = 0;
		};
		58FDF42E1631498893FAC37C /* Sources */ = {
			isa = PBXSourcesBuildPhase;
			buildActionMask = 2147483647;
			files = (
				EC7430F6F1B0450390993679 /* cmdutils.c in Sources */,
				8F432D7E48024404A79BFEC8 /* ffmpeg.c in Sources */,
				696868F1519C41699CA0A655 /* ffmpeg_filter.c in Sources */,
				5A7A1F8A6CEB43889C15B32F /* ffmpeg_hw.c in Sources */,
				5A9EBE52C4144F31A14275E4 /* ffmpeg_mux.c in Sources */,
				E7664780EFAA4EB994539839 /* ffmpeg_opt.c in Sources */,
				4801425EB1C64D3EADAA4A10 /* opt_common.c in Sources */,
			);
			runOnlyForDeploymentPostprocessing = 0;
		};
		5BCAB327D2664F5DAE70B01E /* Sources */ = {
			isa = PBXSourcesBuildPhase;
			buildActionMask = 2147483647;
			files = (
				080F18853D28455BAE3BBA1C /* cmdutils.c in Sources */,
				EAAB8F8565484945BB23FA34 /* ffplay.c in Sources */,
				2E19DBA1097245CB8DB24450 /* opt_common.c in Sources */,
			);
			runOnlyForDeploymentPostprocessing = 0;
		};
/* End PBXSourcesBuildPhase section */

/* Begin PBXTargetDependency section */
		1006532CA97648138CFEC9A7 /* PBXTargetDependency */ = {
			isa = PBXTargetDependency;
			target = F09CD8398B5245F88326651B /* ZERO_CHECK */;
			targetProxy = 0D8AC76BCED84393A1F9E673 /* PBXContainerItemProxy */;
		};
		236EA6BD342A48F38C6480EA /* PBXTargetDependency */ = {
			isa = PBXTargetDependency;
			target = F09CD8398B5245F88326651B /* ZERO_CHECK */;
			targetProxy = 4BF07177A1C044F19CB2F589 /* PBXContainerItemProxy */;
		};
		23A3489E194641548F7E13EE /* PBXTargetDependency */ = {
			isa = PBXTargetDependency;
			target = F09CD8398B5245F88326651B /* ZERO_CHECK */;
			targetProxy = 16052F76AF4F4C0FAF4FA8E4 /* PBXContainerItemProxy */;
		};
		4A6E6934DBB549AE8E2B0810 /* PBXTargetDependency */ = {
			isa = PBXTargetDependency;
			target = E44F7DFA0101413C92320A7C /* ffprobe */;
			targetProxy = 5ED3F92D9FFA402185A15919 /* PBXContainerItemProxy */;
		};
		D88A72235D90436D9128FB58 /* PBXTargetDependency */ = {
			isa = PBXTargetDependency;
			target = AD54B251777A4560A062146F /* ffmpeg */;
			targetProxy = B77E6ACCC6334B229889D3A8 /* PBXContainerItemProxy */;
		};
		E842F53B7FA44CBCA827FACC /* PBXTargetDependency */ = {
			isa = PBXTargetDependency;
			target = F09CD8398B5245F88326651B /* ZERO_CHECK */;
			targetProxy = 2D3C44133E5A474EB8CCFBBB /* PBXContainerItemProxy */;
		};
		E9FB48229C9A4AFF82CF5CFE /* PBXTargetDependency */ = {
			isa = PBXTargetDependency;
			target = 64E91056CD8047BF981F3BE2 /* ffplay */;
			targetProxy = 8D8B3D77E6174EEF9DF0C475 /* PBXContainerItemProxy */;
		};
/* End PBXTargetDependency section */

/* Begin XCBuildConfiguration section */
		07DB7DE1DC114C849FB7791A /* MinSizeRel */ = {
			isa = XCBuildConfiguration;
			buildSettings = {
				COMBINE_HIDPI_IMAGES = YES;
				CONFIGURATION_BUILD_DIR = /Users/tl/Documents/workSpace/github/FFmpeg/fftools/bin/ffmpeg/MinSizeRel;
				EXECUTABLE_PREFIX = "";
				EXECUTABLE_SUFFIX = "";
				GCC_GENERATE_DEBUGGING_SYMBOLS = NO;
				GCC_INLINES_ARE_PRIVATE_EXTERN = NO;
				GCC_OPTIMIZATION_LEVEL = s;
				GCC_PREPROCESSOR_DEFINITIONS = (
					"'CMAKE_INTDIR=\"$(CONFIGURATION)$(EFFECTIVE_PLATFORM_NAME)\"'",
					"$(inherited)",
				);
				GCC_SYMBOLS_PRIVATE_EXTERN = NO;
				HEADER_SEARCH_PATHS = (
					/System/Library/Frameworks,
					/Users/tl/Documents/workSpace/github/FFmpeg/fftools/../build,
					/Users/tl/Documents/workSpace/github/FFmpeg/fftools/..,
					/usr/local/include/SDL2,
					"$(inherited)",
				);
				INSTALL_PATH = "";
				LD_RUNPATH_SEARCH_PATHS = (
					/usr/local/lib,
					"$(inherited)",
				);
				LIBRARY_SEARCH_PATHS = (
					"/usr/local/lib/$(CONFIGURATION)$(EFFECTIVE_PLATFORM_NAME)",
					/usr/local/lib,
					"$(inherited)",
				);
				OTHER_CFLAGS = (
					"-DNDEBUG",
					"$(inherited)",
				);
				OTHER_LDFLAGS = (
					"-Wl,-search_paths_first",
					"-Wl,-headerpad_max_install_names",
					/usr/local/lib/libavdevice.dylib,
					/usr/local/lib/libavformat.dylib,
					/usr/local/lib/libavfilter.dylib,
					/usr/local/lib/libavcodec.dylib,
					/usr/local/lib/libswresample.dylib,
					/usr/local/lib/libswscale.dylib,
					/usr/local/lib/libavutil.dylib,
					/usr/local/lib/libSDL2.dylib,
					"$(inherited)",
				);
				OTHER_REZFLAGS = "";
				PRODUCT_NAME = ffmpeg;
				SECTORDER_FLAGS = "";
				SYMROOT = /Users/tl/Documents/workSpace/github/FFmpeg/fftools/xcode;
				USE_HEADERMAP = NO;
				WARNING_CFLAGS = "$(inherited)";
			};
			name = MinSizeRel;
		};
		1E1C88C1F2BA428AA4868775 /* RelWithDebInfo */ = {
			isa = XCBuildConfiguration;
			buildSettings = {
				COMBINE_HIDPI_IMAGES = YES;
				GCC_GENERATE_DEBUGGING_SYMBOLS = YES;
				GCC_INLINES_ARE_PRIVATE_EXTERN = NO;
				GCC_OPTIMIZATION_LEVEL = 0;
				GCC_PREPROCESSOR_DEFINITIONS = (
					"'CMAKE_INTDIR=\"$(CONFIGURATION)$(EFFECTIVE_PLATFORM_NAME)\"'",
					"$(inherited)",
				);
				GCC_SYMBOLS_PRIVATE_EXTERN = NO;
				INSTALL_PATH = "";
				OTHER_LDFLAGS = " $(inherited)";
				OTHER_REZFLAGS = "";
				PRODUCT_NAME = ALL_BUILD;
				SECTORDER_FLAGS = "";
				SYMROOT = /Users/tl/Documents/workSpace/github/FFmpeg/fftools/xcode;
				USE_HEADERMAP = NO;
				WARNING_CFLAGS = "$(inherited)";
			};
			name = RelWithDebInfo;
		};
		240A734E6D9C414E9BBDE16F /* MinSizeRel */ = {
			isa = XCBuildConfiguration;
			buildSettings = {
				COMBINE_HIDPI_IMAGES = YES;
				CONFIGURATION_BUILD_DIR = /Users/tl/Documents/workSpace/github/FFmpeg/fftools/bin/ffprobe/MinSizeRel;
				ENABLE_HARDENED_RUNTIME = NO;
				EXECUTABLE_PREFIX = "";
				EXECUTABLE_SUFFIX = "";
				GCC_GENERATE_DEBUGGING_SYMBOLS = NO;
				GCC_INLINES_ARE_PRIVATE_EXTERN = NO;
				GCC_OPTIMIZATION_LEVEL = s;
				GCC_PREPROCESSOR_DEFINITIONS = (
					"'CMAKE_INTDIR=\"$(CONFIGURATION)$(EFFECTIVE_PLATFORM_NAME)\"'",
					"$(inherited)",
				);
				GCC_SYMBOLS_PRIVATE_EXTERN = NO;
				HEADER_SEARCH_PATHS = (
					/System/Library/Frameworks,
					/Users/tl/Documents/workSpace/github/FFmpeg/fftools/../build,
					/Users/tl/Documents/workSpace/github/FFmpeg/fftools/..,
					/usr/local/include/SDL2,
					"$(inherited)",
				);
				INSTALL_PATH = "";
				LD_RUNPATH_SEARCH_PATHS = (
					/usr/local/lib,
					"$(inherited)",
				);
				LIBRARY_SEARCH_PATHS = (
					"/usr/local/lib/$(CONFIGURATION)$(EFFECTIVE_PLATFORM_NAME)",
					/usr/local/lib,
					"$(inherited)",
				);
				OTHER_CFLAGS = (
					"-DNDEBUG",
					"$(inherited)",
				);
				OTHER_LDFLAGS = (
					"-Wl,-search_paths_first",
					"-Wl,-headerpad_max_install_names",
					/usr/local/lib/libavdevice.dylib,
					/usr/local/lib/libavformat.dylib,
					/usr/local/lib/libavfilter.dylib,
					/usr/local/lib/libavcodec.dylib,
					/usr/local/lib/libswresample.dylib,
					/usr/local/lib/libswscale.dylib,
					/usr/local/lib/libavutil.dylib,
					/usr/local/lib/libSDL2.dylib,
					"$(inherited)",
				);
				OTHER_REZFLAGS = "";
				PRODUCT_NAME = ffprobe;
				SECTORDER_FLAGS = "";
				SYMROOT = /Users/tl/Documents/workSpace/github/FFmpeg/fftools/xcode;
				USE_HEADERMAP = NO;
				WARNING_CFLAGS = "$(inherited)";
			};
			name = MinSizeRel;
		};
		243168E9A779412C8EDC8EF9 /* Release */ = {
			isa = XCBuildConfiguration;
			buildSettings = {
				COMBINE_HIDPI_IMAGES = YES;
				CONFIGURATION_BUILD_DIR = /Users/tl/Documents/workSpace/github/FFmpeg/fftools/bin/ffmpeg;
				EXECUTABLE_PREFIX = "";
				EXECUTABLE_SUFFIX = "";
				GCC_GENERATE_DEBUGGING_SYMBOLS = NO;
				GCC_INLINES_ARE_PRIVATE_EXTERN = NO;
				GCC_OPTIMIZATION_LEVEL = 3;
				GCC_PREPROCESSOR_DEFINITIONS = (
					"'CMAKE_INTDIR=\"$(CONFIGURATION)$(EFFECTIVE_PLATFORM_NAME)\"'",
					"$(inherited)",
				);
				GCC_SYMBOLS_PRIVATE_EXTERN = NO;
				HEADER_SEARCH_PATHS = (
					/System/Library/Frameworks,
					/Users/tl/Documents/workSpace/github/FFmpeg/fftools/../build,
					/Users/tl/Documents/workSpace/github/FFmpeg/fftools/..,
					/usr/local/include/SDL2,
					"$(inherited)",
				);
				INSTALL_PATH = "";
				LD_RUNPATH_SEARCH_PATHS = (
					/usr/local/lib,
					"$(inherited)",
				);
				LIBRARY_SEARCH_PATHS = (
					"/usr/local/lib/$(CONFIGURATION)$(EFFECTIVE_PLATFORM_NAME)",
					/usr/local/lib,
					"$(inherited)",
				);
				OTHER_CFLAGS = (
					"-DNDEBUG",
					"$(inherited)",
				);
				OTHER_LDFLAGS = (
					"-Wl,-search_paths_first",
					"-Wl,-headerpad_max_install_names",
					/usr/local/lib/libavdevice.dylib,
					/usr/local/lib/libavformat.dylib,
					/usr/local/lib/libavfilter.dylib,
					/usr/local/lib/libavcodec.dylib,
					/usr/local/lib/libswresample.dylib,
					/usr/local/lib/libswscale.dylib,
					/usr/local/lib/libavutil.dylib,
					/usr/local/lib/libSDL2.dylib,
					"$(inherited)",
				);
				OTHER_REZFLAGS = "";
				PRODUCT_NAME = ffmpeg;
				SECTORDER_FLAGS = "";
				SYMROOT = /Users/tl/Documents/workSpace/github/FFmpeg/fftools/xcode;
				USE_HEADERMAP = NO;
				WARNING_CFLAGS = "$(inherited)";
			};
			name = Release;
		};
		26CFC07F770D4822934DD2B3 /* MinSizeRel */ = {
			isa = XCBuildConfiguration;
			buildSettings = {
				COMBINE_HIDPI_IMAGES = YES;
				GCC_GENERATE_DEBUGGING_SYMBOLS = YES;
				GCC_INLINES_ARE_PRIVATE_EXTERN = NO;
				GCC_OPTIMIZATION_LEVEL = 0;
				GCC_PREPROCESSOR_DEFINITIONS = (
					"'CMAKE_INTDIR=\"$(CONFIGURATION)$(EFFECTIVE_PLATFORM_NAME)\"'",
					"$(inherited)",
				);
				GCC_SYMBOLS_PRIVATE_EXTERN = NO;
				INSTALL_PATH = "";
				OTHER_LDFLAGS = " $(inherited)";
				OTHER_REZFLAGS = "";
				PRODUCT_NAME = ALL_BUILD;
				SECTORDER_FLAGS = "";
				SYMROOT = /Users/tl/Documents/workSpace/github/FFmpeg/fftools/xcode;
				USE_HEADERMAP = NO;
				WARNING_CFLAGS = "$(inherited)";
			};
			name = MinSizeRel;
		};
		3BDC7FDB36964C98882C77C5 /* MinSizeRel */ = {
			isa = XCBuildConfiguration;
			buildSettings = {
				COMBINE_HIDPI_IMAGES = YES;
				GCC_GENERATE_DEBUGGING_SYMBOLS = YES;
				GCC_INLINES_ARE_PRIVATE_EXTERN = NO;
				GCC_OPTIMIZATION_LEVEL = 0;
				GCC_PREPROCESSOR_DEFINITIONS = (
					"'CMAKE_INTDIR=\"$(CONFIGURATION)$(EFFECTIVE_PLATFORM_NAME)\"'",
					"$(inherited)",
				);
				GCC_SYMBOLS_PRIVATE_EXTERN = NO;
				INSTALL_PATH = "";
				OTHER_LDFLAGS = " $(inherited)";
				OTHER_REZFLAGS = "";
				PRODUCT_NAME = ZERO_CHECK;
				SECTORDER_FLAGS = "";
				SYMROOT = /Users/tl/Documents/workSpace/github/FFmpeg/fftools/xcode;
				USE_HEADERMAP = NO;
				WARNING_CFLAGS = "$(inherited)";
			};
			name = MinSizeRel;
		};
		61F56C710D504F599915EAAD /* RelWithDebInfo */ = {
			isa = XCBuildConfiguration;
			buildSettings = {
				COMBINE_HIDPI_IMAGES = YES;
				CONFIGURATION_BUILD_DIR = /Users/tl/Documents/workSpace/github/FFmpeg/fftools/bin/ffmpeg/RelWithDebInfo;
				EXECUTABLE_PREFIX = "";
				EXECUTABLE_SUFFIX = "";
				GCC_GENERATE_DEBUGGING_SYMBOLS = YES;
				GCC_INLINES_ARE_PRIVATE_EXTERN = NO;
				GCC_OPTIMIZATION_LEVEL = 2;
				GCC_PREPROCESSOR_DEFINITIONS = (
					"'CMAKE_INTDIR=\"$(CONFIGURATION)$(EFFECTIVE_PLATFORM_NAME)\"'",
					"$(inherited)",
				);
				GCC_SYMBOLS_PRIVATE_EXTERN = NO;
				HEADER_SEARCH_PATHS = (
					/System/Library/Frameworks,
					/Users/tl/Documents/workSpace/github/FFmpeg/fftools/../build,
					/Users/tl/Documents/workSpace/github/FFmpeg/fftools/..,
					/usr/local/include/SDL2,
					"$(inherited)",
				);
				INSTALL_PATH = "";
				LD_RUNPATH_SEARCH_PATHS = (
					/usr/local/lib,
					"$(inherited)",
				);
				LIBRARY_SEARCH_PATHS = (
					"/usr/local/lib/$(CONFIGURATION)$(EFFECTIVE_PLATFORM_NAME)",
					/usr/local/lib,
					"$(inherited)",
				);
				OTHER_CFLAGS = (
					"-DNDEBUG",
					"$(inherited)",
				);
				OTHER_LDFLAGS = (
					"-Wl,-search_paths_first",
					"-Wl,-headerpad_max_install_names",
					/usr/local/lib/libavdevice.dylib,
					/usr/local/lib/libavformat.dylib,
					/usr/local/lib/libavfilter.dylib,
					/usr/local/lib/libavcodec.dylib,
					/usr/local/lib/libswresample.dylib,
					/usr/local/lib/libswscale.dylib,
					/usr/local/lib/libavutil.dylib,
					/usr/local/lib/libSDL2.dylib,
					"$(inherited)",
				);
				OTHER_REZFLAGS = "";
				PRODUCT_NAME = ffmpeg;
				SECTORDER_FLAGS = "";
				SYMROOT = /Users/tl/Documents/workSpace/github/FFmpeg/fftools/xcode;
				USE_HEADERMAP = NO;
				WARNING_CFLAGS = "$(inherited)";
			};
			name = RelWithDebInfo;
		};
		76190922295F4202AEA8F3B2 /* Debug */ = {
			isa = XCBuildConfiguration;
			buildSettings = {
				COMBINE_HIDPI_IMAGES = YES;
				CONFIGURATION_BUILD_DIR = /Users/tl/Documents/workSpace/github/FFmpeg/fftools/bin/ffmpeg;
				EXECUTABLE_PREFIX = "";
				EXECUTABLE_SUFFIX = "";
				GCC_GENERATE_DEBUGGING_SYMBOLS = YES;
				GCC_INLINES_ARE_PRIVATE_EXTERN = NO;
				GCC_OPTIMIZATION_LEVEL = 0;
				GCC_PREPROCESSOR_DEFINITIONS = (
					"'CMAKE_INTDIR=\"$(CONFIGURATION)$(EFFECTIVE_PLATFORM_NAME)\"'",
					"$(inherited)",
				);
				GCC_SYMBOLS_PRIVATE_EXTERN = NO;
				HEADER_SEARCH_PATHS = (
					/System/Library/Frameworks,
					/Users/tl/Documents/workSpace/github/FFmpeg/fftools/../build,
					/Users/tl/Documents/workSpace/github/FFmpeg/fftools/..,
					/usr/local/include/SDL2,
					"$(inherited)",
				);
				INSTALL_PATH = "";
				LD_RUNPATH_SEARCH_PATHS = (
					/usr/local/lib,
					"$(inherited)",
				);
				LIBRARY_SEARCH_PATHS = (
					"/usr/local/lib/$(CONFIGURATION)$(EFFECTIVE_PLATFORM_NAME)",
					/usr/local/lib,
					"$(inherited)",
				);
				OTHER_CFLAGS = "    $(inherited)";
				OTHER_LDFLAGS = (
					"-Wl,-search_paths_first",
					"-Wl,-headerpad_max_install_names",
					/usr/local/lib/libavdevice.dylib,
					/usr/local/lib/libavformat.dylib,
					/usr/local/lib/libavfilter.dylib,
					/usr/local/lib/libavcodec.dylib,
					/usr/local/lib/libswresample.dylib,
					/usr/local/lib/libswscale.dylib,
					/usr/local/lib/libavutil.dylib,
					/usr/local/lib/libSDL2.dylib,
					"$(inherited)",
				);
				OTHER_REZFLAGS = "";
				PRODUCT_NAME = ffmpeg;
				SECTORDER_FLAGS = "";
				SYMROOT = /Users/tl/Documents/workSpace/github/FFmpeg/fftools/xcode;
				USE_HEADERMAP = NO;
				WARNING_CFLAGS = "$(inherited)";
			};
			name = Debug;
		};
		78200E88503845A0AFC3FDC1 /* Debug */ = {
			isa = XCBuildConfiguration;
			buildSettings = {
				COMBINE_HIDPI_IMAGES = YES;
				CONFIGURATION_BUILD_DIR = /Users/tl/Documents/workSpace/github/FFmpeg/fftools/bin/ffprobe;
				ENABLE_HARDENED_RUNTIME = NO;
				EXECUTABLE_PREFIX = "";
				EXECUTABLE_SUFFIX = "";
				GCC_GENERATE_DEBUGGING_SYMBOLS = YES;
				GCC_INLINES_ARE_PRIVATE_EXTERN = NO;
				GCC_OPTIMIZATION_LEVEL = 0;
				GCC_PREPROCESSOR_DEFINITIONS = (
					"'CMAKE_INTDIR=\"$(CONFIGURATION)$(EFFECTIVE_PLATFORM_NAME)\"'",
					"$(inherited)",
				);
				GCC_SYMBOLS_PRIVATE_EXTERN = NO;
				HEADER_SEARCH_PATHS = (
					/System/Library/Frameworks,
					/Users/tl/Documents/workSpace/github/FFmpeg/fftools/../build,
					/Users/tl/Documents/workSpace/github/FFmpeg/fftools/..,
					/usr/local/include/SDL2,
					"$(inherited)",
				);
				INSTALL_PATH = "";
				LD_RUNPATH_SEARCH_PATHS = (
					/usr/local/lib,
					"$(inherited)",
				);
				LIBRARY_SEARCH_PATHS = (
					"/usr/local/lib/$(CONFIGURATION)$(EFFECTIVE_PLATFORM_NAME)",
					/usr/local/lib,
					"$(inherited)",
				);
				OTHER_CFLAGS = "    $(inherited)";
				OTHER_LDFLAGS = (
					"-Wl,-search_paths_first",
					"-Wl,-headerpad_max_install_names",
					/usr/local/lib/libavdevice.dylib,
					/usr/local/lib/libavformat.dylib,
					/usr/local/lib/libavfilter.dylib,
					/usr/local/lib/libavcodec.dylib,
					/usr/local/lib/libswresample.dylib,
					/usr/local/lib/libswscale.dylib,
					/usr/local/lib/libavutil.dylib,
					/usr/local/lib/libSDL2.dylib,
					"$(inherited)",
				);
				OTHER_REZFLAGS = "";
				PRODUCT_NAME = ffprobe;
				SECTORDER_FLAGS = "";
				SYMROOT = /Users/tl/Documents/workSpace/github/FFmpeg/fftools/xcode;
				USE_HEADERMAP = NO;
				WARNING_CFLAGS = "$(inherited)";
			};
			name = Debug;
		};
		7A70F163C11848E7A43ACCC2 /* RelWithDebInfo */ = {
			isa = XCBuildConfiguration;
			buildSettings = {
				COMBINE_HIDPI_IMAGES = YES;
				GCC_GENERATE_DEBUGGING_SYMBOLS = YES;
				GCC_INLINES_ARE_PRIVATE_EXTERN = NO;
				GCC_OPTIMIZATION_LEVEL = 0;
				GCC_PREPROCESSOR_DEFINITIONS = (
					"'CMAKE_INTDIR=\"$(CONFIGURATION)$(EFFECTIVE_PLATFORM_NAME)\"'",
					"$(inherited)",
				);
				GCC_SYMBOLS_PRIVATE_EXTERN = NO;
				INSTALL_PATH = "";
				OTHER_LDFLAGS = " $(inherited)";
				OTHER_REZFLAGS = "";
				PRODUCT_NAME = ZERO_CHECK;
				SECTORDER_FLAGS = "";
				SYMROOT = /Users/tl/Documents/workSpace/github/FFmpeg/fftools/xcode;
				USE_HEADERMAP = NO;
				WARNING_CFLAGS = "$(inherited)";
			};
			name = RelWithDebInfo;
		};
		7B12684F0FA3425CAA7C87C4 /* MinSizeRel */ = {
			isa = XCBuildConfiguration;
			buildSettings = {
				ARCHS = "$(NATIVE_ARCH_ACTUAL)";
				ENABLE_HARDENED_RUNTIME = NO;
				ONLY_ACTIVE_ARCH = YES;
				SDKROOT = /Applications/Xcode.app/Contents/Developer/Platforms/MacOSX.platform/Developer/SDKs/MacOSX11.3.sdk;
				SYMROOT = /Users/tl/Documents/workSpace/github/FFmpeg/fftools/xcode/build;
			};
			name = MinSizeRel;
		};
		7B2E08CAF73C410A8FCCC7F3 /* Release */ = {
			isa = XCBuildConfiguration;
			buildSettings = {
				COMBINE_HIDPI_IMAGES = YES;
				CONFIGURATION_BUILD_DIR = /Users/tl/Documents/workSpace/github/FFmpeg/fftools/bin/ffplay;
				EXECUTABLE_PREFIX = "";
				EXECUTABLE_SUFFIX = "";
				GCC_GENERATE_DEBUGGING_SYMBOLS = NO;
				GCC_INLINES_ARE_PRIVATE_EXTERN = NO;
				GCC_OPTIMIZATION_LEVEL = 3;
				GCC_PREPROCESSOR_DEFINITIONS = (
					"'CMAKE_INTDIR=\"$(CONFIGURATION)$(EFFECTIVE_PLATFORM_NAME)\"'",
					"$(inherited)",
				);
				GCC_SYMBOLS_PRIVATE_EXTERN = NO;
				HEADER_SEARCH_PATHS = (
					/System/Library/Frameworks,
					/Users/tl/Documents/workSpace/github/FFmpeg/fftools/../build,
					/Users/tl/Documents/workSpace/github/FFmpeg/fftools/..,
					/usr/local/include/SDL2,
					"$(inherited)",
				);
				INSTALL_PATH = "";
				LD_RUNPATH_SEARCH_PATHS = (
					/usr/local/lib,
					"$(inherited)",
				);
				LIBRARY_SEARCH_PATHS = (
					"/usr/local/lib/$(CONFIGURATION)$(EFFECTIVE_PLATFORM_NAME)",
					/usr/local/lib,
					"$(inherited)",
				);
				OTHER_CFLAGS = (
					"-DNDEBUG",
					"$(inherited)",
				);
				OTHER_LDFLAGS = (
					"-Wl,-search_paths_first",
					"-Wl,-headerpad_max_install_names",
					/usr/local/lib/libavdevice.dylib,
					/usr/local/lib/libavformat.dylib,
					/usr/local/lib/libavfilter.dylib,
					/usr/local/lib/libavcodec.dylib,
					/usr/local/lib/libswresample.dylib,
					/usr/local/lib/libswscale.dylib,
					/usr/local/lib/libavutil.dylib,
					/usr/local/lib/libSDL2.dylib,
					"$(inherited)",
				);
				OTHER_REZFLAGS = "";
				PRODUCT_NAME = ffplay;
				SECTORDER_FLAGS = "";
				SYMROOT = /Users/tl/Documents/workSpace/github/FFmpeg/fftools/xcode;
				USE_HEADERMAP = NO;
				WARNING_CFLAGS = "$(inherited)";
			};
			name = Release;
		};
		7D7A84B950834F23800EAFD9 /* Debug */ = {
			isa = XCBuildConfiguration;
			buildSettings = {
				COMBINE_HIDPI_IMAGES = YES;
				GCC_GENERATE_DEBUGGING_SYMBOLS = YES;
				GCC_INLINES_ARE_PRIVATE_EXTERN = NO;
				GCC_OPTIMIZATION_LEVEL = 0;
				GCC_PREPROCESSOR_DEFINITIONS = (
					"'CMAKE_INTDIR=\"$(CONFIGURATION)$(EFFECTIVE_PLATFORM_NAME)\"'",
					"$(inherited)",
				);
				GCC_SYMBOLS_PRIVATE_EXTERN = NO;
				INSTALL_PATH = "";
				OTHER_LDFLAGS = " $(inherited)";
				OTHER_REZFLAGS = "";
				PRODUCT_NAME = ALL_BUILD;
				SECTORDER_FLAGS = "";
				SYMROOT = /Users/tl/Documents/workSpace/github/FFmpeg/fftools/xcode;
				USE_HEADERMAP = NO;
				WARNING_CFLAGS = "$(inherited)";
			};
			name = Debug;
		};
		8D80ABF57D9149EF9DF5C958 /* RelWithDebInfo */ = {
			isa = XCBuildConfiguration;
			buildSettings = {
				ARCHS = "$(NATIVE_ARCH_ACTUAL)";
				ENABLE_HARDENED_RUNTIME = NO;
				ONLY_ACTIVE_ARCH = YES;
				SDKROOT = /Applications/Xcode.app/Contents/Developer/Platforms/MacOSX.platform/Developer/SDKs/MacOSX11.3.sdk;
				SYMROOT = /Users/tl/Documents/workSpace/github/FFmpeg/fftools/xcode/build;
			};
			name = RelWithDebInfo;
		};
		973C96151EBC428A86D27649 /* RelWithDebInfo */ = {
			isa = XCBuildConfiguration;
			buildSettings = {
				COMBINE_HIDPI_IMAGES = YES;
				CONFIGURATION_BUILD_DIR = /Users/tl/Documents/workSpace/github/FFmpeg/fftools/bin/ffprobe/RelWithDebInfo;
				ENABLE_HARDENED_RUNTIME = NO;
				EXECUTABLE_PREFIX = "";
				EXECUTABLE_SUFFIX = "";
				GCC_GENERATE_DEBUGGING_SYMBOLS = YES;
				GCC_INLINES_ARE_PRIVATE_EXTERN = NO;
				GCC_OPTIMIZATION_LEVEL = 2;
				GCC_PREPROCESSOR_DEFINITIONS = (
					"'CMAKE_INTDIR=\"$(CONFIGURATION)$(EFFECTIVE_PLATFORM_NAME)\"'",
					"$(inherited)",
				);
				GCC_SYMBOLS_PRIVATE_EXTERN = NO;
				HEADER_SEARCH_PATHS = (
					/System/Library/Frameworks,
					/Users/tl/Documents/workSpace/github/FFmpeg/fftools/../build,
					/Users/tl/Documents/workSpace/github/FFmpeg/fftools/..,
					/usr/local/include/SDL2,
					"$(inherited)",
				);
				INSTALL_PATH = "";
				LD_RUNPATH_SEARCH_PATHS = (
					/usr/local/lib,
					"$(inherited)",
				);
				LIBRARY_SEARCH_PATHS = (
					"/usr/local/lib/$(CONFIGURATION)$(EFFECTIVE_PLATFORM_NAME)",
					/usr/local/lib,
					"$(inherited)",
				);
				OTHER_CFLAGS = (
					"-DNDEBUG",
					"$(inherited)",
				);
				OTHER_LDFLAGS = (
					"-Wl,-search_paths_first",
					"-Wl,-headerpad_max_install_names",
					/usr/local/lib/libavdevice.dylib,
					/usr/local/lib/libavformat.dylib,
					/usr/local/lib/libavfilter.dylib,
					/usr/local/lib/libavcodec.dylib,
					/usr/local/lib/libswresample.dylib,
					/usr/local/lib/libswscale.dylib,
					/usr/local/lib/libavutil.dylib,
					/usr/local/lib/libSDL2.dylib,
					"$(inherited)",
				);
				OTHER_REZFLAGS = "";
				PRODUCT_NAME = ffprobe;
				SECTORDER_FLAGS = "";
				SYMROOT = /Users/tl/Documents/workSpace/github/FFmpeg/fftools/xcode;
				USE_HEADERMAP = NO;
				WARNING_CFLAGS = "$(inherited)";
			};
			name = RelWithDebInfo;
		};
		9A04E6756BF246A5862F1AED /* Release */ = {
			isa = XCBuildConfiguration;
			buildSettings = {
				COMBINE_HIDPI_IMAGES = YES;
				GCC_GENERATE_DEBUGGING_SYMBOLS = YES;
				GCC_INLINES_ARE_PRIVATE_EXTERN = NO;
				GCC_OPTIMIZATION_LEVEL = 0;
				GCC_PREPROCESSOR_DEFINITIONS = (
					"'CMAKE_INTDIR=\"$(CONFIGURATION)$(EFFECTIVE_PLATFORM_NAME)\"'",
					"$(inherited)",
				);
				GCC_SYMBOLS_PRIVATE_EXTERN = NO;
				INSTALL_PATH = "";
				OTHER_LDFLAGS = " $(inherited)";
				OTHER_REZFLAGS = "";
				PRODUCT_NAME = ZERO_CHECK;
				SECTORDER_FLAGS = "";
				SYMROOT = /Users/tl/Documents/workSpace/github/FFmpeg/fftools/xcode;
				USE_HEADERMAP = NO;
				WARNING_CFLAGS = "$(inherited)";
			};
			name = Release;
		};
		A4F1EC9FE1404262A8BCEE5C /* RelWithDebInfo */ = {
			isa = XCBuildConfiguration;
			buildSettings = {
				COMBINE_HIDPI_IMAGES = YES;
				CONFIGURATION_BUILD_DIR = /Users/tl/Documents/workSpace/github/FFmpeg/fftools/bin/ffplay/RelWithDebInfo;
				EXECUTABLE_PREFIX = "";
				EXECUTABLE_SUFFIX = "";
				GCC_GENERATE_DEBUGGING_SYMBOLS = YES;
				GCC_INLINES_ARE_PRIVATE_EXTERN = NO;
				GCC_OPTIMIZATION_LEVEL = 2;
				GCC_PREPROCESSOR_DEFINITIONS = (
					"'CMAKE_INTDIR=\"$(CONFIGURATION)$(EFFECTIVE_PLATFORM_NAME)\"'",
					"$(inherited)",
				);
				GCC_SYMBOLS_PRIVATE_EXTERN = NO;
				HEADER_SEARCH_PATHS = (
					/System/Library/Frameworks,
					/Users/tl/Documents/workSpace/github/FFmpeg/fftools/../build,
					/Users/tl/Documents/workSpace/github/FFmpeg/fftools/..,
					/usr/local/include/SDL2,
					"$(inherited)",
				);
				INSTALL_PATH = "";
				LD_RUNPATH_SEARCH_PATHS = (
					/usr/local/lib,
					"$(inherited)",
				);
				LIBRARY_SEARCH_PATHS = (
					"/usr/local/lib/$(CONFIGURATION)$(EFFECTIVE_PLATFORM_NAME)",
					/usr/local/lib,
					"$(inherited)",
				);
				OTHER_CFLAGS = (
					"-DNDEBUG",
					"$(inherited)",
				);
				OTHER_LDFLAGS = (
					"-Wl,-search_paths_first",
					"-Wl,-headerpad_max_install_names",
					/usr/local/lib/libavdevice.dylib,
					/usr/local/lib/libavformat.dylib,
					/usr/local/lib/libavfilter.dylib,
					/usr/local/lib/libavcodec.dylib,
					/usr/local/lib/libswresample.dylib,
					/usr/local/lib/libswscale.dylib,
					/usr/local/lib/libavutil.dylib,
					/usr/local/lib/libSDL2.dylib,
					"$(inherited)",
				);
				OTHER_REZFLAGS = "";
				PRODUCT_NAME = ffplay;
				SECTORDER_FLAGS = "";
				SYMROOT = /Users/tl/Documents/workSpace/github/FFmpeg/fftools/xcode;
				USE_HEADERMAP = NO;
				WARNING_CFLAGS = "$(inherited)";
			};
			name = RelWithDebInfo;
		};
		A5BA19A8CF0A48B19FE3FD21 /* Debug */ = {
			isa = XCBuildConfiguration;
			buildSettings = {
				COMBINE_HIDPI_IMAGES = YES;
				CONFIGURATION_BUILD_DIR = /Users/tl/Documents/workSpace/github/FFmpeg/fftools/bin/ffplay;
				EXECUTABLE_PREFIX = "";
				EXECUTABLE_SUFFIX = "";
				GCC_GENERATE_DEBUGGING_SYMBOLS = YES;
				GCC_INLINES_ARE_PRIVATE_EXTERN = NO;
				GCC_OPTIMIZATION_LEVEL = 0;
				GCC_PREPROCESSOR_DEFINITIONS = (
					"'CMAKE_INTDIR=\"$(CONFIGURATION)$(EFFECTIVE_PLATFORM_NAME)\"'",
					"$(inherited)",
				);
				GCC_SYMBOLS_PRIVATE_EXTERN = NO;
				HEADER_SEARCH_PATHS = (
					/System/Library/Frameworks,
					/Users/tl/Documents/workSpace/github/FFmpeg/fftools/../build,
					/Users/tl/Documents/workSpace/github/FFmpeg/fftools/..,
					/usr/local/include/SDL2,
					"$(inherited)",
				);
				INSTALL_PATH = "";
				LD_RUNPATH_SEARCH_PATHS = (
					/usr/local/lib,
					"$(inherited)",
				);
				LIBRARY_SEARCH_PATHS = (
					"/usr/local/lib/$(CONFIGURATION)$(EFFECTIVE_PLATFORM_NAME)",
					/usr/local/lib,
					"$(inherited)",
				);
				OTHER_CFLAGS = "    $(inherited)";
				OTHER_LDFLAGS = (
					"-Wl,-search_paths_first",
					"-Wl,-headerpad_max_install_names",
					/usr/local/lib/libavdevice.dylib,
					/usr/local/lib/libavformat.dylib,
					/usr/local/lib/libavfilter.dylib,
					/usr/local/lib/libavcodec.dylib,
					/usr/local/lib/libswresample.dylib,
					/usr/local/lib/libswscale.dylib,
					/usr/local/lib/libavutil.dylib,
					/usr/local/lib/libSDL2.dylib,
					"$(inherited)",
				);
				OTHER_REZFLAGS = "";
				PRODUCT_NAME = ffplay;
				SECTORDER_FLAGS = "";
				SYMROOT = /Users/tl/Documents/workSpace/github/FFmpeg/fftools/xcode;
				USE_HEADERMAP = NO;
				WARNING_CFLAGS = "$(inherited)";
			};
			name = Debug;
		};
		AC4B3AFBE2D84B05921973D4 /* Release */ = {
			isa = XCBuildConfiguration;
			buildSettings = {
				COMBINE_HIDPI_IMAGES = YES;
				GCC_GENERATE_DEBUGGING_SYMBOLS = YES;
				GCC_INLINES_ARE_PRIVATE_EXTERN = NO;
				GCC_OPTIMIZATION_LEVEL = 0;
				GCC_PREPROCESSOR_DEFINITIONS = (
					"'CMAKE_INTDIR=\"$(CONFIGURATION)$(EFFECTIVE_PLATFORM_NAME)\"'",
					"$(inherited)",
				);
				GCC_SYMBOLS_PRIVATE_EXTERN = NO;
				INSTALL_PATH = "";
				OTHER_LDFLAGS = " $(inherited)";
				OTHER_REZFLAGS = "";
				PRODUCT_NAME = ALL_BUILD;
				SECTORDER_FLAGS = "";
				SYMROOT = /Users/tl/Documents/workSpace/github/FFmpeg/fftools/xcode;
				USE_HEADERMAP = NO;
				WARNING_CFLAGS = "$(inherited)";
			};
			name = Release;
		};
		B3F6BCE99CC6408E99ED28C6 /* Debug */ = {
			isa = XCBuildConfiguration;
			buildSettings = {
				ARCHS = "$(NATIVE_ARCH_ACTUAL)";
				ENABLE_HARDENED_RUNTIME = NO;
				ONLY_ACTIVE_ARCH = YES;
				SDKROOT = /Applications/Xcode.app/Contents/Developer/Platforms/MacOSX.platform/Developer/SDKs/MacOSX11.3.sdk;
				SYMROOT = /Users/tl/Documents/workSpace/github/FFmpeg/fftools/xcode/build;
			};
			name = Debug;
		};
		BB6B2FB12AF9410F85D39BCA /* Debug */ = {
			isa = XCBuildConfiguration;
			buildSettings = {
				COMBINE_HIDPI_IMAGES = YES;
				GCC_GENERATE_DEBUGGING_SYMBOLS = YES;
				GCC_INLINES_ARE_PRIVATE_EXTERN = NO;
				GCC_OPTIMIZATION_LEVEL = 0;
				GCC_PREPROCESSOR_DEFINITIONS = (
					"'CMAKE_INTDIR=\"$(CONFIGURATION)$(EFFECTIVE_PLATFORM_NAME)\"'",
					"$(inherited)",
				);
				GCC_SYMBOLS_PRIVATE_EXTERN = NO;
				INSTALL_PATH = "";
				OTHER_LDFLAGS = " $(inherited)";
				OTHER_REZFLAGS = "";
				PRODUCT_NAME = ZERO_CHECK;
				SECTORDER_FLAGS = "";
				SYMROOT = /Users/tl/Documents/workSpace/github/FFmpeg/fftools/xcode;
				USE_HEADERMAP = NO;
				WARNING_CFLAGS = "$(inherited)";
			};
			name = Debug;
		};
		CC112226FD0B4B0A913053A0 /* Release */ = {
			isa = XCBuildConfiguration;
			buildSettings = {
				COMBINE_HIDPI_IMAGES = YES;
				CONFIGURATION_BUILD_DIR = /Users/tl/Documents/workSpace/github/FFmpeg/fftools/bin/ffprobe;
				ENABLE_HARDENED_RUNTIME = NO;
				EXECUTABLE_PREFIX = "";
				EXECUTABLE_SUFFIX = "";
				GCC_GENERATE_DEBUGGING_SYMBOLS = NO;
				GCC_INLINES_ARE_PRIVATE_EXTERN = NO;
				GCC_OPTIMIZATION_LEVEL = 3;
				GCC_PREPROCESSOR_DEFINITIONS = (
					"'CMAKE_INTDIR=\"$(CONFIGURATION)$(EFFECTIVE_PLATFORM_NAME)\"'",
					"$(inherited)",
				);
				GCC_SYMBOLS_PRIVATE_EXTERN = NO;
				HEADER_SEARCH_PATHS = (
					/System/Library/Frameworks,
					/Users/tl/Documents/workSpace/github/FFmpeg/fftools/../build,
					/Users/tl/Documents/workSpace/github/FFmpeg/fftools/..,
					/usr/local/include/SDL2,
					"$(inherited)",
				);
				INSTALL_PATH = "";
				LD_RUNPATH_SEARCH_PATHS = (
					/usr/local/lib,
					"$(inherited)",
				);
				LIBRARY_SEARCH_PATHS = (
					"/usr/local/lib/$(CONFIGURATION)$(EFFECTIVE_PLATFORM_NAME)",
					/usr/local/lib,
					"$(inherited)",
				);
				OTHER_CFLAGS = (
					"-DNDEBUG",
					"$(inherited)",
				);
				OTHER_LDFLAGS = (
					"-Wl,-search_paths_first",
					"-Wl,-headerpad_max_install_names",
					/usr/local/lib/libavdevice.dylib,
					/usr/local/lib/libavformat.dylib,
					/usr/local/lib/libavfilter.dylib,
					/usr/local/lib/libavcodec.dylib,
					/usr/local/lib/libswresample.dylib,
					/usr/local/lib/libswscale.dylib,
					/usr/local/lib/libavutil.dylib,
					/usr/local/lib/libSDL2.dylib,
					"$(inherited)",
				);
				OTHER_REZFLAGS = "";
				PRODUCT_NAME = ffprobe;
				SECTORDER_FLAGS = "";
				SYMROOT = /Users/tl/Documents/workSpace/github/FFmpeg/fftools/xcode;
				USE_HEADERMAP = NO;
				WARNING_CFLAGS = "$(inherited)";
			};
			name = Release;
		};
		D9F4858A5A75468995FE104A /* Release */ = {
			isa = XCBuildConfiguration;
			buildSettings = {
				ARCHS = "$(NATIVE_ARCH_ACTUAL)";
				ENABLE_HARDENED_RUNTIME = NO;
				ONLY_ACTIVE_ARCH = YES;
				SDKROOT = /Applications/Xcode.app/Contents/Developer/Platforms/MacOSX.platform/Developer/SDKs/MacOSX11.3.sdk;
				SYMROOT = /Users/tl/Documents/workSpace/github/FFmpeg/fftools/xcode/build;
			};
			name = Release;
		};
		E261D7B8A33F418CA3A90A51 /* MinSizeRel */ = {
			isa = XCBuildConfiguration;
			buildSettings = {
				COMBINE_HIDPI_IMAGES = YES;
				CONFIGURATION_BUILD_DIR = /Users/tl/Documents/workSpace/github/FFmpeg/fftools/bin/ffplay/MinSizeRel;
				EXECUTABLE_PREFIX = "";
				EXECUTABLE_SUFFIX = "";
				GCC_GENERATE_DEBUGGING_SYMBOLS = NO;
				GCC_INLINES_ARE_PRIVATE_EXTERN = NO;
				GCC_OPTIMIZATION_LEVEL = s;
				GCC_PREPROCESSOR_DEFINITIONS = (
					"'CMAKE_INTDIR=\"$(CONFIGURATION)$(EFFECTIVE_PLATFORM_NAME)\"'",
					"$(inherited)",
				);
				GCC_SYMBOLS_PRIVATE_EXTERN = NO;
				HEADER_SEARCH_PATHS = (
					/System/Library/Frameworks,
					/Users/tl/Documents/workSpace/github/FFmpeg/fftools/../build,
					/Users/tl/Documents/workSpace/github/FFmpeg/fftools/..,
					/usr/local/include/SDL2,
					"$(inherited)",
				);
				INSTALL_PATH = "";
				LD_RUNPATH_SEARCH_PATHS = (
					/usr/local/lib,
					"$(inherited)",
				);
				LIBRARY_SEARCH_PATHS = (
					"/usr/local/lib/$(CONFIGURATION)$(EFFECTIVE_PLATFORM_NAME)",
					/usr/local/lib,
					"$(inherited)",
				);
				OTHER_CFLAGS = (
					"-DNDEBUG",
					"$(inherited)",
				);
				OTHER_LDFLAGS = (
					"-Wl,-search_paths_first",
					"-Wl,-headerpad_max_install_names",
					/usr/local/lib/libavdevice.dylib,
					/usr/local/lib/libavformat.dylib,
					/usr/local/lib/libavfilter.dylib,
					/usr/local/lib/libavcodec.dylib,
					/usr/local/lib/libswresample.dylib,
					/usr/local/lib/libswscale.dylib,
					/usr/local/lib/libavutil.dylib,
					/usr/local/lib/libSDL2.dylib,
					"$(inherited)",
				);
				OTHER_REZFLAGS = "";
				PRODUCT_NAME = ffplay;
				SECTORDER_FLAGS = "";
				SYMROOT = /Users/tl/Documents/workSpace/github/FFmpeg/fftools/xcode;
				USE_HEADERMAP = NO;
				WARNING_CFLAGS = "$(inherited)";
			};
			name = MinSizeRel;
		};
/* End XCBuildConfiguration section */

/* Begin XCConfigurationList section */
		1E57583A29214C6E899A4242 /* Build configuration list for PBXAggregateTarget "ALL_BUILD" */ = {
			isa = XCConfigurationList;
			buildConfigurations = (
				7D7A84B950834F23800EAFD9 /* Debug */,
				AC4B3AFBE2D84B05921973D4 /* Release */,
				26CFC07F770D4822934DD2B3 /* MinSizeRel */,
				1E1C88C1F2BA428AA4868775 /* RelWithDebInfo */,
			);
			defaultConfigurationIsVisible = 0;
			defaultConfigurationName = Debug;
		};
		2A81FEF48011488580F485F5 /* Build configuration list for PBXProject "FFmpeg" */ = {
			isa = XCConfigurationList;
			buildConfigurations = (
				B3F6BCE99CC6408E99ED28C6 /* Debug */,
				D9F4858A5A75468995FE104A /* Release */,
				7B12684F0FA3425CAA7C87C4 /* MinSizeRel */,
				8D80ABF57D9149EF9DF5C958 /* RelWithDebInfo */,
			);
			defaultConfigurationIsVisible = 0;
			defaultConfigurationName = Debug;
		};
		9B2501644BEB43D8B0DA8661 /* Build configuration list for PBXNativeTarget "ffmpeg" */ = {
			isa = XCConfigurationList;
			buildConfigurations = (
				76190922295F4202AEA8F3B2 /* Debug */,
				243168E9A779412C8EDC8EF9 /* Release */,
				07DB7DE1DC114C849FB7791A /* MinSizeRel */,
				61F56C710D504F599915EAAD /* RelWithDebInfo */,
			);
			defaultConfigurationIsVisible = 0;
			defaultConfigurationName = Debug;
		};
		A58DE3F49D434CAE9BBAFA2B /* Build configuration list for PBXAggregateTarget "ZERO_CHECK" */ = {
			isa = XCConfigurationList;
			buildConfigurations = (
				BB6B2FB12AF9410F85D39BCA /* Debug */,
				9A04E6756BF246A5862F1AED /* Release */,
				3BDC7FDB36964C98882C77C5 /* MinSizeRel */,
				7A70F163C11848E7A43ACCC2 /* RelWithDebInfo */,
			);
			defaultConfigurationIsVisible = 0;
			defaultConfigurationName = Debug;
		};
		DF8426F9FFC14040A3CE5D81 /* Build configuration list for PBXNativeTarget "ffplay" */ = {
			isa = XCConfigurationList;
			buildConfigurations = (
				A5BA19A8CF0A48B19FE3FD21 /* Debug */,
				7B2E08CAF73C410A8FCCC7F3 /* Release */,
				E261D7B8A33F418CA3A90A51 /* MinSizeRel */,
				A4F1EC9FE1404262A8BCEE5C /* RelWithDebInfo */,
			);
			defaultConfigurationIsVisible = 0;
			defaultConfigurationName = Debug;
		};
		EEEB74BDE5A343FF9DBA0426 /* Build configuration list for PBXNativeTarget "ffprobe" */ = {
			isa = XCConfigurationList;
			buildConfigurations = (
				78200E88503845A0AFC3FDC1 /* Debug */,
				CC112226FD0B4B0A913053A0 /* Release */,
				240A734E6D9C414E9BBDE16F /* MinSizeRel */,
				973C96151EBC428A86D27649 /* RelWithDebInfo */,
			);
			defaultConfigurationIsVisible = 0;
			defaultConfigurationName = Debug;
		};
/* End XCConfigurationList section */
	};
	rootObject = 648C2FFF174648BFAC517662 /* Project object */;
}
